
Microsoft Visual Studio Solution File, Format Version 12.00
# Visual Studio 15
VisualStudioVersion = 15.0.27703.2035
MinimumVisualStudioVersion = 10.0.40219.1
Project("{9A19103F-16F7-4668-BE54-9A1E7A4F7556}") = "Web", "Web\Web.csproj", "{9AFAC5F8-5157-41FF-9B98-D8C0F1FA8130}"
EndProject
Project("{9A19103F-16F7-4668-BE54-9A1E7A4F7556}") = "New", "New\New.csproj", "{73810B13-D3EC-4199-8DD9-7E12A224FAC6}"
EndProject
Project("{9A19103F-16F7-4668-BE54-9A1E7A4F7556}") = "TEST1", "TEST1\TEST1.csproj", "{D708FA6F-7929-44B4-BD81-E5D222A22524}"
EndProject
Project("{9A19103F-16F7-4668-BE54-9A1E7A4F7556}") = "TEST2", "TEST2\TEST2.csproj", "{5E44D620-AF4F-4942-B562-E59200B37A06}"
EndProject
Project("{9A19103F-16F7-4668-BE54-9A1E7A4F7556}") = "WebApplication1", "WebApplication1\WebApplication1.csproj", "{210ADDEB-8B5A-43CC-AC78-764F51DE4968}"
EndProject
Project("{9A19103F-16F7-4668-BE54-9A1E7A4F7556}") = "TEST3", "TEST3\TEST3.csproj", "{CE8841A2-BBAE-4EE5-91EE-1918F2AA2A77}"
EndProject
Project("{FAE04EC0-301F-11D3-BF4B-00C04F79EFBC}") = "WebApplication2", "WebApplication2\WebApplication2.csproj", "{5A9A053E-BF63-42FB-BED0-5ED293FC313D}"
EndProject
Global
	GlobalSection(SolutionConfigurationPlatforms) = preSolution
		Debug|Any CPU = Debug|Any CPU
		Release|Any CPU = Release|Any CPU
	EndGlobalSection
	GlobalSection(ProjectConfigurationPlatforms) = postSolution
		{9AFAC5F8-5157-41FF-9B98-D8C0F1FA8130}.Debug|Any CPU.ActiveCfg = Debug|Any CPU
		{9AFAC5F8-5157-41FF-9B98-D8C0F1FA8130}.Debug|Any CPU.Build.0 = Debug|Any CPU
		{9AFAC5F8-5157-41FF-9B98-D8C0F1FA8130}.Release|Any CPU.ActiveCfg = Release|Any CPU
		{9AFAC5F8-5157-41FF-9B98-D8C0F1FA8130}.Release|Any CPU.Build.0 = Release|Any CPU
		{73810B13-D3EC-4199-8DD9-7E12A224FAC6}.Debug|Any CPU.ActiveCfg = Debug|Any CPU
		{73810B13-D3EC-4199-8DD9-7E12A224FAC6}.Debug|Any CPU.Build.0 = Debug|Any CPU
		{73810B13-D3EC-4199-8DD9-7E12A224FAC6}.Release|Any CPU.ActiveCfg = Release|Any CPU
		{73810B13-D3EC-4199-8DD9-7E12A224FAC6}.Release|Any CPU.Build.0 = Release|Any CPU
		{D708FA6F-7929-44B4-BD81-E5D222A22524}.Debug|Any CPU.ActiveCfg = Debug|Any CPU
		{D708FA6F-7929-44B4-BD81-E5D222A22524}.Debug|Any CPU.Build.0 = Debug|Any CPU
		{D708FA6F-7929-44B4-BD81-E5D222A22524}.Release|Any CPU.ActiveCfg = Release|Any CPU
		{D708FA6F-7929-44B4-BD81-E5D222A22524}.Release|Any CPU.Build.0 = Release|Any CPU
		{5E44D620-AF4F-4942-B562-E59200B37A06}.Debug|Any CPU.ActiveCfg = Debug|Any CPU
		{5E44D620-AF4F-4942-B562-E59200B37A06}.Debug|Any CPU.Build.0 = Debug|Any CPU
		{5E44D620-AF4F-4942-B562-E59200B37A06}.Release|Any CPU.ActiveCfg = Release|Any CPU
		{5E44D620-AF4F-4942-B562-E59200B37A06}.Release|Any CPU.Build.0 = Release|Any CPU
		{210ADDEB-8B5A-43CC-AC78-764F51DE4968}.Debug|Any CPU.ActiveCfg = Debug|Any CPU
		{210ADDEB-8B5A-43CC-AC78-764F51DE4968}.Debug|Any CPU.Build.0 = Debug|Any CPU
		{210ADDEB-8B5A-43CC-AC78-764F51DE4968}.Release|Any CPU.ActiveCfg = Release|Any CPU
		{210ADDEB-8B5A-43CC-AC78-764F51DE4968}.Release|Any CPU.Build.0 = Release|Any CPU
		{CE8841A2-BBAE-4EE5-91EE-1918F2AA2A77}.Debug|Any CPU.ActiveCfg = Debug|Any CPU
		{CE8841A2-BBAE-4EE5-91EE-1918F2AA2A77}.Debug|Any CPU.Build.0 = Debug|Any CPU
		{CE8841A2-BBAE-4EE5-91EE-1918F2AA2A77}.Release|Any CPU.ActiveCfg = Release|Any CPU
		{CE8841A2-BBAE-4EE5-91EE-1918F2AA2A77}.Release|Any CPU.Build.0 = Release|Any CPU
		{5A9A053E-BF63-42FB-BED0-5ED293FC313D}.Debug|Any CPU.ActiveCfg = Debug|Any CPU
		{5A9A053E-BF63-42FB-BED0-5ED293FC313D}.Debug|Any CPU.Build.0 = Debug|Any CPU
		{5A9A053E-BF63-42FB-BED0-5ED293FC313D}.Release|Any CPU.ActiveCfg = Release|Any CPU
		{5A9A053E-BF63-42FB-BED0-5ED293FC313D}.Release|Any CPU.Build.0 = Release|Any CPU
	EndGlobalSection
	GlobalSection(SolutionProperties) = preSolution
		HideSolutionNode = FALSE
	EndGlobalSection
	GlobalSection(ExtensibilityGlobals) = postSolution
		SolutionGuid = {22C7E9C8-F6C8-452B-8CB4-D98DEBAFBDA8}
	EndGlobalSection
EndGlobal
